
Microsoft Visual Studio Solution File, Format Version 12.00
# Visual Studio Version 17
VisualStudioVersion = 17.14.36518.9
MinimumVisualStudioVersion = 10.0.40219.1
Project("{2150E333-8FDC-42A3-9474-1A3956D46DE8}") = "Task0", "Task0", "{02EA681E-C7D8-13C7-8484-4AC65E1B71E8}"
EndProject
Project("{FAE04EC0-301F-11D3-BF4B-00C04F79EFBC}") = "Tyuiu.BaturinaSA.Sprint1.Task0.V11", "Tyuiu.BaturinaSA.Sprint1.Task0.V11\Tyuiu.BaturinaSA.Sprint1.Task0.V11.csproj", "{7257A4A6-E4F9-4B6D-9224-204B911571A8}"
EndProject
Project("{FAE04EC0-301F-11D3-BF4B-00C04F79EFBC}") = "Tyuiu.BaturinaSA.Sprint1.Task0.V11.Lib", "Tyuiu.BaturinaSA.Sprint1.Task0.V11.Lib\Tyuiu.BaturinaSA.Sprint1.Task0.V11.Lib.csproj", "{43F5AD31-19A7-4EB9-930F-C8EBA62DDBB3}"
EndProject
Project("{FAE04EC0-301F-11D3-BF4B-00C04F79EFBC}") = "Tyuiu.BaturinaSA.Sprint1.Task0.V11.Test", "Tyuiu.BaturinaSA.Sprint1.Task0.V11.Test\Tyuiu.BaturinaSA.Sprint1.Task0.V11.Test.csproj", "{F14C01C8-3360-4D27-AAC1-C99C1181C182}"
EndProject
Project("{2150E333-8FDC-42A3-9474-1A3956D46DE8}") = "Task1", "Task1", "{8042508D-E368-4EE7-836E-74147C36B8FB}"
EndProject
Project("{FAE04EC0-301F-11D3-BF4B-00C04F79EFBC}") = "Tyuiu.BaturinaSA.Sprint1.Task1.V17", "Tyuiu.BaturinaSA.Sprint1.Task1.V17\Tyuiu.BaturinaSA.Sprint1.Task1.V17.csproj", "{75CDC00C-176C-412A-9AF0-027976207ED4}"
EndProject
Project("{FAE04EC0-301F-11D3-BF4B-00C04F79EFBC}") = "Tyuiu.BaturinaSA.Sprint1.Task1.V17.Lib", "Tyuiu.BaturinaSA.Sprint1.Task1.V17.Lib\Tyuiu.BaturinaSA.Sprint1.Task1.V17.Lib.csproj", "{C0BCD50D-F57E-469D-9583-1BC79885C5F9}"
EndProject
Project("{FAE04EC0-301F-11D3-BF4B-00C04F79EFBC}") = "Tyuiu.BaturinaSA.Sprint1.Task1.V17.Test", "Tyuiu.BaturinaSA.Sprint1.Task1.V17.Test\Tyuiu.BaturinaSA.Sprint1.Task1.V17.Test.csproj", "{A64F6E49-E293-46BC-8EAE-242844569983}"
EndProject
Project("{2150E333-8FDC-42A3-9474-1A3956D46DE8}") = "Task2", "Task2", "{96D57709-9FDF-4CC5-B5C6-FDB2C13C8DC0}"
EndProject
Project("{FAE04EC0-301F-11D3-BF4B-00C04F79EFBC}") = "Tyuiu.BaturinaSA.Sprint1.Task2.V15", "Tyuiu.BaturinaSA.Sprint1.Task2.V15\Tyuiu.BaturinaSA.Sprint1.Task2.V15.csproj", "{CB0E0CA8-B3D1-4CDF-9C45-4EC33783B896}"
EndProject
Project("{FAE04EC0-301F-11D3-BF4B-00C04F79EFBC}") = "Tyuiu.BaturinaSA.Sprint1.Task2.V15.Lib", "Tyuiu.BaturinaSA.Sprint1.Task2.V15.Lib\Tyuiu.BaturinaSA.Sprint1.Task2.V15.Lib.csproj", "{B961F2FA-D6FE-4DA3-A2AE-6BF120A57744}"
EndProject
Project("{FAE04EC0-301F-11D3-BF4B-00C04F79EFBC}") = "Tyuiu.BaturinaSA.Sprint1.Task2.V15.Test", "Tyuiu.BaturinaSA.Sprint1.Task2.V15.Test\Tyuiu.BaturinaSA.Sprint1.Task2.V15.Test.csproj", "{88DD425C-E965-4AD0-91BE-D3B871D73457}"
EndProject
Project("{2150E333-8FDC-42A3-9474-1A3956D46DE8}") = "Task3", "Task3", "{8FE7E392-AD7B-49B2-AFE1-4AC8E33198E2}"
EndProject
Project("{FAE04EC0-301F-11D3-BF4B-00C04F79EFBC}") = "Tyuiu.BaturinaSA.Sprint1.Task3.V7", "Tyuiu.BaturinaSA.Sprint1.Task3.V7\Tyuiu.BaturinaSA.Sprint1.Task3.V7.csproj", "{9F1388A0-608C-43C4-A7FE-072005FC03DC}"
EndProject
Project("{FAE04EC0-301F-11D3-BF4B-00C04F79EFBC}") = "Tyuiu.BaturinaSA.Sprint1.Task3.V7.Lib", "Tyuiu.BaturinaSA.Sprint1.Task3.V7.Lib\Tyuiu.BaturinaSA.Sprint1.Task3.V7.Lib.csproj", "{3C095B42-BC86-45F6-BEFC-8F12CCC1FAF0}"
EndProject
Project("{FAE04EC0-301F-11D3-BF4B-00C04F79EFBC}") = "Tyuiu.BaturinaSA.Sprint1.Task3.V7.Test", "Tyuiu.BaturinaSA.Sprint1.Task3.V7.Test\Tyuiu.BaturinaSA.Sprint1.Task3.V7.Test.csproj", "{514D7B36-DC72-42AD-9A21-83214AEE2225}"
EndProject
Project("{2150E333-8FDC-42A3-9474-1A3956D46DE8}") = "Task4", "Task4", "{9A670A49-F6EF-4902-B08D-1EB2C0401845}"
EndProject
Project("{FAE04EC0-301F-11D3-BF4B-00C04F79EFBC}") = "Tyuiu.BaturinaSA.Sprint1.Task4.V11", "Tyuiu.BaturinaSA.Sprint1.Task4.V11\Tyuiu.BaturinaSA.Sprint1.Task4.V11.csproj", "{4877E1D9-5C7E-4B52-829D-52D03F3FD380}"
EndProject
Project("{FAE04EC0-301F-11D3-BF4B-00C04F79EFBC}") = "Tyuiu.BaturinaSA.Sprint1.Task4.V11.Lib", "Tyuiu.BaturinaSA.Sprint1.Task4.V11.Lib\Tyuiu.BaturinaSA.Sprint1.Task4.V11.Lib.csproj", "{CDCD9C57-B13F-486C-B35B-A37C58112654}"
EndProject
Project("{FAE04EC0-301F-11D3-BF4B-00C04F79EFBC}") = "Tyuiu.BaturinaSA.Sprint1.Task4.V11.Test", "Tyuiu.BaturinaSA.Sprint1.Task4.V11.Test\Tyuiu.BaturinaSA.Sprint1.Task4.V11.Test.csproj", "{D646B1CC-36D0-418D-B1D1-8A92FA9B456A}"
EndProject
Project("{2150E333-8FDC-42A3-9474-1A3956D46DE8}") = "Task5", "Task5", "{076B1998-9220-4D7B-B19B-68F7ADAF5672}"
EndProject
Project("{FAE04EC0-301F-11D3-BF4B-00C04F79EFBC}") = "Tyuiu.BaturinaSA.Sprint1.Task5.V7", "Tyuiu.BaturinaSA.Sprint1.Task5.V7\Tyuiu.BaturinaSA.Sprint1.Task5.V7.csproj", "{512445CC-9ADC-4C05-9BAB-EFCBE227E313}"
EndProject
Project("{FAE04EC0-301F-11D3-BF4B-00C04F79EFBC}") = "Tyuiu.BaturinaSA.Sprint1.Task5.V7.Lib", "Tyuiu.BaturinaSA.Sprint1.Task5.V7.Lib\Tyuiu.BaturinaSA.Sprint1.Task5.V7.Lib.csproj", "{5B7252B4-7725-4058-A3F8-EC3640BDE15A}"
EndProject
Project("{FAE04EC0-301F-11D3-BF4B-00C04F79EFBC}") = "Tyuiu.BaturinaSA.Sprint1.Task5.V7.Test", "Tyuiu.BaturinaSA.Sprint1.Task5.V7.Test\Tyuiu.BaturinaSA.Sprint1.Task5.V7.Test.csproj", "{CC45AFEB-5B95-45FE-B4F6-44D6DFDE0B36}"
EndProject
Global
	GlobalSection(SolutionConfigurationPlatforms) = preSolution
		Debug|Any CPU = Debug|Any CPU
		Release|Any CPU = Release|Any CPU
	EndGlobalSection
	GlobalSection(ProjectConfigurationPlatforms) = postSolution
		{7257A4A6-E4F9-4B6D-9224-204B911571A8}.Debug|Any CPU.ActiveCfg = Debug|Any CPU
		{7257A4A6-E4F9-4B6D-9224-204B911571A8}.Debug|Any CPU.Build.0 = Debug|Any CPU
		{7257A4A6-E4F9-4B6D-9224-204B911571A8}.Release|Any CPU.ActiveCfg = Release|Any CPU
		{7257A4A6-E4F9-4B6D-9224-204B911571A8}.Release|Any CPU.Build.0 = Release|Any CPU
		{43F5AD31-19A7-4EB9-930F-C8EBA62DDBB3}.Debug|Any CPU.ActiveCfg = Debug|Any CPU
		{43F5AD31-19A7-4EB9-930F-C8EBA62DDBB3}.Debug|Any CPU.Build.0 = Debug|Any CPU
		{43F5AD31-19A7-4EB9-930F-C8EBA62DDBB3}.Release|Any CPU.ActiveCfg = Release|Any CPU
		{43F5AD31-19A7-4EB9-930F-C8EBA62DDBB3}.Release|Any CPU.Build.0 = Release|Any CPU
		{F14C01C8-3360-4D27-AAC1-C99C1181C182}.Debug|Any CPU.ActiveCfg = Debug|Any CPU
		{F14C01C8-3360-4D27-AAC1-C99C1181C182}.Debug|Any CPU.Build.0 = Debug|Any CPU
		{F14C01C8-3360-4D27-AAC1-C99C1181C182}.Release|Any CPU.ActiveCfg = Release|Any CPU
		{F14C01C8-3360-4D27-AAC1-C99C1181C182}.Release|Any CPU.Build.0 = Release|Any CPU
		{75CDC00C-176C-412A-9AF0-027976207ED4}.Debug|Any CPU.ActiveCfg = Debug|Any CPU
		{75CDC00C-176C-412A-9AF0-027976207ED4}.Debug|Any CPU.Build.0 = Debug|Any CPU
		{75CDC00C-176C-412A-9AF0-027976207ED4}.Release|Any CPU.ActiveCfg = Release|Any CPU
		{75CDC00C-176C-412A-9AF0-027976207ED4}.Release|Any CPU.Build.0 = Release|Any CPU
		{C0BCD50D-F57E-469D-9583-1BC79885C5F9}.Debug|Any CPU.ActiveCfg = Debug|Any CPU
		{C0BCD50D-F57E-469D-9583-1BC79885C5F9}.Debug|Any CPU.Build.0 = Debug|Any CPU
		{C0BCD50D-F57E-469D-9583-1BC79885C5F9}.Release|Any CPU.ActiveCfg = Release|Any CPU
		{C0BCD50D-F57E-469D-9583-1BC79885C5F9}.Release|Any CPU.Build.0 = Release|Any CPU
		{A64F6E49-E293-46BC-8EAE-242844569983}.Debug|Any CPU.ActiveCfg = Debug|Any CPU
		{A64F6E49-E293-46BC-8EAE-242844569983}.Debug|Any CPU.Build.0 = Debug|Any CPU
		{A64F6E49-E293-46BC-8EAE-242844569983}.Release|Any CPU.ActiveCfg = Release|Any CPU
		{A64F6E49-E293-46BC-8EAE-242844569983}.Release|Any CPU.Build.0 = Release|Any CPU
		{CB0E0CA8-B3D1-4CDF-9C45-4EC33783B896}.Debug|Any CPU.ActiveCfg = Debug|Any CPU
		{CB0E0CA8-B3D1-4CDF-9C45-4EC33783B896}.Debug|Any CPU.Build.0 = Debug|Any CPU
		{CB0E0CA8-B3D1-4CDF-9C45-4EC33783B896}.Release|Any CPU.ActiveCfg = Release|Any CPU
		{CB0E0CA8-B3D1-4CDF-9C45-4EC33783B896}.Release|Any CPU.Build.0 = Release|Any CPU
		{B961F2FA-D6FE-4DA3-A2AE-6BF120A57744}.Debug|Any CPU.ActiveCfg = Debug|Any CPU
		{B961F2FA-D6FE-4DA3-A2AE-6BF120A57744}.Debug|Any CPU.Build.0 = Debug|Any CPU
		{B961F2FA-D6FE-4DA3-A2AE-6BF120A57744}.Release|Any CPU.ActiveCfg = Release|Any CPU
		{B961F2FA-D6FE-4DA3-A2AE-6BF120A57744}.Release|Any CPU.Build.0 = Release|Any CPU
		{88DD425C-E965-4AD0-91BE-D3B871D73457}.Debug|Any CPU.ActiveCfg = Debug|Any CPU
		{88DD425C-E965-4AD0-91BE-D3B871D73457}.Debug|Any CPU.Build.0 = Debug|Any CPU
		{88DD425C-E965-4AD0-91BE-D3B871D73457}.Release|Any CPU.ActiveCfg = Release|Any CPU
		{88DD425C-E965-4AD0-91BE-D3B871D73457}.Release|Any CPU.Build.0 = Release|Any CPU
		{9F1388A0-608C-43C4-A7FE-072005FC03DC}.Debug|Any CPU.ActiveCfg = Debug|Any CPU
		{9F1388A0-608C-43C4-A7FE-072005FC03DC}.Debug|Any CPU.Build.0 = Debug|Any CPU
		{9F1388A0-608C-43C4-A7FE-072005FC03DC}.Release|Any CPU.ActiveCfg = Release|Any CPU
		{9F1388A0-608C-43C4-A7FE-072005FC03DC}.Release|Any CPU.Build.0 = Release|Any CPU
		{3C095B42-BC86-45F6-BEFC-8F12CCC1FAF0}.Debug|Any CPU.ActiveCfg = Debug|Any CPU
		{3C095B42-BC86-45F6-BEFC-8F12CCC1FAF0}.Debug|Any CPU.Build.0 = Debug|Any CPU
		{3C095B42-BC86-45F6-BEFC-8F12CCC1FAF0}.Release|Any CPU.ActiveCfg = Release|Any CPU
		{3C095B42-BC86-45F6-BEFC-8F12CCC1FAF0}.Release|Any CPU.Build.0 = Release|Any CPU
		{514D7B36-DC72-42AD-9A21-83214AEE2225}.Debug|Any CPU.ActiveCfg = Debug|Any CPU
		{514D7B36-DC72-42AD-9A21-83214AEE2225}.Debug|Any CPU.Build.0 = Debug|Any CPU
		{514D7B36-DC72-42AD-9A21-83214AEE2225}.Release|Any CPU.ActiveCfg = Release|Any CPU
		{514D7B36-DC72-42AD-9A21-83214AEE2225}.Release|Any CPU.Build.0 = Release|Any CPU
		{4877E1D9-5C7E-4B52-829D-52D03F3FD380}.Debug|Any CPU.ActiveCfg = Debug|Any CPU
		{4877E1D9-5C7E-4B52-829D-52D03F3FD380}.Debug|Any CPU.Build.0 = Debug|Any CPU
		{4877E1D9-5C7E-4B52-829D-52D03F3FD380}.Release|Any CPU.ActiveCfg = Release|Any CPU
		{4877E1D9-5C7E-4B52-829D-52D03F3FD380}.Release|Any CPU.Build.0 = Release|Any CPU
		{CDCD9C57-B13F-486C-B35B-A37C58112654}.Debug|Any CPU.ActiveCfg = Debug|Any CPU
		{CDCD9C57-B13F-486C-B35B-A37C58112654}.Debug|Any CPU.Build.0 = Debug|Any CPU
		{CDCD9C57-B13F-486C-B35B-A37C58112654}.Release|Any CPU.ActiveCfg = Release|Any CPU
		{CDCD9C57-B13F-486C-B35B-A37C58112654}.Release|Any CPU.Build.0 = Release|Any CPU
		{D646B1CC-36D0-418D-B1D1-8A92FA9B456A}.Debug|Any CPU.ActiveCfg = Debug|Any CPU
		{D646B1CC-36D0-418D-B1D1-8A92FA9B456A}.Debug|Any CPU.Build.0 = Debug|Any CPU
		{D646B1CC-36D0-418D-B1D1-8A92FA9B456A}.Release|Any CPU.ActiveCfg = Release|Any CPU
		{D646B1CC-36D0-418D-B1D1-8A92FA9B456A}.Release|Any CPU.Build.0 = Release|Any CPU
		{512445CC-9ADC-4C05-9BAB-EFCBE227E313}.Debug|Any CPU.ActiveCfg = Debug|Any CPU
		{512445CC-9ADC-4C05-9BAB-EFCBE227E313}.Debug|Any CPU.Build.0 = Debug|Any CPU
		{512445CC-9ADC-4C05-9BAB-EFCBE227E313}.Release|Any CPU.ActiveCfg = Release|Any CPU
		{512445CC-9ADC-4C05-9BAB-EFCBE227E313}.Release|Any CPU.Build.0 = Release|Any CPU
		{5B7252B4-7725-4058-A3F8-EC3640BDE15A}.Debug|Any CPU.ActiveCfg = Debug|Any CPU
		{5B7252B4-7725-4058-A3F8-EC3640BDE15A}.Debug|Any CPU.Build.0 = Debug|Any CPU
		{5B7252B4-7725-4058-A3F8-EC3640BDE15A}.Release|Any CPU.ActiveCfg = Release|Any CPU
		{5B7252B4-7725-4058-A3F8-EC3640BDE15A}.Release|Any CPU.Build.0 = Release|Any CPU
		{CC45AFEB-5B95-45FE-B4F6-44D6DFDE0B36}.Debug|Any CPU.ActiveCfg = Debug|Any CPU
		{CC45AFEB-5B95-45FE-B4F6-44D6DFDE0B36}.Debug|Any CPU.Build.0 = Debug|Any CPU
		{CC45AFEB-5B95-45FE-B4F6-44D6DFDE0B36}.Release|Any CPU.ActiveCfg = Release|Any CPU
		{CC45AFEB-5B95-45FE-B4F6-44D6DFDE0B36}.Release|Any CPU.Build.0 = Release|Any CPU
	EndGlobalSection
	GlobalSection(SolutionProperties) = preSolution
		HideSolutionNode = FALSE
	EndGlobalSection
	GlobalSection(NestedProjects) = preSolution
		{7257A4A6-E4F9-4B6D-9224-204B911571A8} = {02EA681E-C7D8-13C7-8484-4AC65E1B71E8}
		{43F5AD31-19A7-4EB9-930F-C8EBA62DDBB3} = {02EA681E-C7D8-13C7-8484-4AC65E1B71E8}
		{F14C01C8-3360-4D27-AAC1-C99C1181C182} = {02EA681E-C7D8-13C7-8484-4AC65E1B71E8}
		{75CDC00C-176C-412A-9AF0-027976207ED4} = {8042508D-E368-4EE7-836E-74147C36B8FB}
		{C0BCD50D-F57E-469D-9583-1BC79885C5F9} = {8042508D-E368-4EE7-836E-74147C36B8FB}
		{A64F6E49-E293-46BC-8EAE-242844569983} = {8042508D-E368-4EE7-836E-74147C36B8FB}
		{CB0E0CA8-B3D1-4CDF-9C45-4EC33783B896} = {96D57709-9FDF-4CC5-B5C6-FDB2C13C8DC0}
		{B961F2FA-D6FE-4DA3-A2AE-6BF120A57744} = {96D57709-9FDF-4CC5-B5C6-FDB2C13C8DC0}
		{88DD425C-E965-4AD0-91BE-D3B871D73457} = {96D57709-9FDF-4CC5-B5C6-FDB2C13C8DC0}
		{9F1388A0-608C-43C4-A7FE-072005FC03DC} = {8FE7E392-AD7B-49B2-AFE1-4AC8E33198E2}
		{3C095B42-BC86-45F6-BEFC-8F12CCC1FAF0} = {8FE7E392-AD7B-49B2-AFE1-4AC8E33198E2}
		{514D7B36-DC72-42AD-9A21-83214AEE2225} = {8FE7E392-AD7B-49B2-AFE1-4AC8E33198E2}
		{4877E1D9-5C7E-4B52-829D-52D03F3FD380} = {9A670A49-F6EF-4902-B08D-1EB2C0401845}
		{CDCD9C57-B13F-486C-B35B-A37C58112654} = {9A670A49-F6EF-4902-B08D-1EB2C0401845}
		{D646B1CC-36D0-418D-B1D1-8A92FA9B456A} = {9A670A49-F6EF-4902-B08D-1EB2C0401845}
		{512445CC-9ADC-4C05-9BAB-EFCBE227E313} = {076B1998-9220-4D7B-B19B-68F7ADAF5672}
		{5B7252B4-7725-4058-A3F8-EC3640BDE15A} = {076B1998-9220-4D7B-B19B-68F7ADAF5672}
		{CC45AFEB-5B95-45FE-B4F6-44D6DFDE0B36} = {076B1998-9220-4D7B-B19B-68F7ADAF5672}
	EndGlobalSection
	GlobalSection(ExtensibilityGlobals) = postSolution
		SolutionGuid = {C6EBB36F-ED58-4CA7-B9CB-0F2F9FA523B6}
	EndGlobalSection
EndGlobal
